// !$*UTF8*$!
{
	archiveVersion = 1;
	classes = {
	};
	objectVersion = 46;
	objects = {

/* Begin PBXBuildFile section */
		43735C501923BA7100C73C28 /* MeterScanningsViewController.m in Sources */ = {isa = PBXBuildFile; fileRef = 43735C4F1923BA7100C73C28 /* MeterScanningsViewController.m */; };
		43B2110A1924B170005F9378 /* EventKit.framework in Frameworks */ = {isa = PBXBuildFile; fileRef = 43B211091924B170005F9378 /* EventKit.framework */; };
		43B211101924B652005F9378 /* Localizable.strings in Resources */ = {isa = PBXBuildFile; fileRef = 43B211121924B652005F9378 /* Localizable.strings */; };
		43C6BDFB19237159004E8768 /* Foundation.framework in Frameworks */ = {isa = PBXBuildFile; fileRef = 43C6BDFA19237159004E8768 /* Foundation.framework */; };
		43C6BDFD19237159004E8768 /* CoreGraphics.framework in Frameworks */ = {isa = PBXBuildFile; fileRef = 43C6BDFC19237159004E8768 /* CoreGraphics.framework */; };
		43C6BDFF19237159004E8768 /* UIKit.framework in Frameworks */ = {isa = PBXBuildFile; fileRef = 43C6BDFE19237159004E8768 /* UIKit.framework */; };
		43C6BE0519237159004E8768 /* InfoPlist.strings in Resources */ = {isa = PBXBuildFile; fileRef = 43C6BE0319237159004E8768 /* InfoPlist.strings */; };
		43C6BE0719237159004E8768 /* main.m in Sources */ = {isa = PBXBuildFile; fileRef = 43C6BE0619237159004E8768 /* main.m */; };
		43C6BE0B19237159004E8768 /* AppDelegate.m in Sources */ = {isa = PBXBuildFile; fileRef = 43C6BE0A19237159004E8768 /* AppDelegate.m */; };
		43C6BE0E19237159004E8768 /* Main.storyboard in Resources */ = {isa = PBXBuildFile; fileRef = 43C6BE0C19237159004E8768 /* Main.storyboard */; };
		43C6BE1319237159004E8768 /* Images.xcassets in Resources */ = {isa = PBXBuildFile; fileRef = 43C6BE1219237159004E8768 /* Images.xcassets */; };
		43C6BE1A19237159004E8768 /* XCTest.framework in Frameworks */ = {isa = PBXBuildFile; fileRef = 43C6BE1919237159004E8768 /* XCTest.framework */; };
		43C6BE1B19237159004E8768 /* Foundation.framework in Frameworks */ = {isa = PBXBuildFile; fileRef = 43C6BDFA19237159004E8768 /* Foundation.framework */; };
		43C6BE1C19237159004E8768 /* UIKit.framework in Frameworks */ = {isa = PBXBuildFile; fileRef = 43C6BDFE19237159004E8768 /* UIKit.framework */; };
		43C6BE2419237159004E8768 /* InfoPlist.strings in Resources */ = {isa = PBXBuildFile; fileRef = 43C6BE2219237159004E8768 /* InfoPlist.strings */; };
		43C6BE2619237159004E8768 /* MeterManTests.m in Sources */ = {isa = PBXBuildFile; fileRef = 43C6BE2519237159004E8768 /* MeterManTests.m */; };
		43C6BE3219237375004E8768 /* utility_meter.jpg in Resources */ = {isa = PBXBuildFile; fileRef = 43C6BE3019237375004E8768 /* utility_meter.jpg */; };
		43C6BE3319237375004E8768 /* utility_meter@2x.jpg in Resources */ = {isa = PBXBuildFile; fileRef = 43C6BE3119237375004E8768 /* utility_meter@2x.jpg */; };
		43C6BE37192384FB004E8768 /* UtilitiesViewController.m in Sources */ = {isa = PBXBuildFile; fileRef = 43C6BE36192384FB004E8768 /* UtilitiesViewController.m */; };
		43C6BE3B19238572004E8768 /* MeterDetails.m in Sources */ = {isa = PBXBuildFile; fileRef = 43C6BE3A19238572004E8768 /* MeterDetails.m */; };
		43C6BE3E19238B37004E8768 /* MeterListViewController.m in Sources */ = {isa = PBXBuildFile; fileRef = 43C6BE3D19238B37004E8768 /* MeterListViewController.m */; };
		43C6BE451923927D004E8768 /* MeterManUtil.m in Sources */ = {isa = PBXBuildFile; fileRef = 43C6BE441923927D004E8768 /* MeterManUtil.m */; };
		85531C6FF6984F39B9204DB4 /* libPods-MeterMan.a in Frameworks */ = {isa = PBXBuildFile; fileRef = 7F7B9F867AC84D9CB527E392 /* libPods-MeterMan.a */; };
/* End PBXBuildFile section */

/* Begin PBXContainerItemProxy section */
		43C6BE1D19237159004E8768 /* PBXContainerItemProxy */ = {
			isa = PBXContainerItemProxy;
			containerPortal = 43C6BDEF19237159004E8768 /* Project object */;
			proxyType = 1;
			remoteGlobalIDString = 43C6BDF619237159004E8768;
			remoteInfo = MeterMan;
		};
/* End PBXContainerItemProxy section */

/* Begin PBXFileReference section */
		43735C4E1923BA7100C73C28 /* MeterScanningsViewController.h */ = {isa = PBXFileReference; fileEncoding = 4; lastKnownFileType = sourcecode.c.h; path = MeterScanningsViewController.h; sourceTree = "<group>"; };
		43735C4F1923BA7100C73C28 /* MeterScanningsViewController.m */ = {isa = PBXFileReference; fileEncoding = 4; lastKnownFileType = sourcecode.c.objc; path = MeterScanningsViewController.m; sourceTree = "<group>"; };
		43B211091924B170005F9378 /* EventKit.framework */ = {isa = PBXFileReference; lastKnownFileType = wrapper.framework; name = EventKit.framework; path = System/Library/Frameworks/EventKit.framework; sourceTree = SDKROOT; };
		43B2110B1924B5A7005F9378 /* hu */ = {isa = PBXFileReference; lastKnownFileType = text.plist.strings; name = hu; path = hu.lproj/Main.strings; sourceTree = "<group>"; };
		43B2110C1924B5A7005F9378 /* hu */ = {isa = PBXFileReference; lastKnownFileType = text.plist.strings; name = hu; path = hu.lproj/InfoPlist.strings; sourceTree = "<group>"; };
		43B2110D1924B5A7005F9378 /* hu */ = {isa = PBXFileReference; lastKnownFileType = text.plist.strings; name = hu; path = hu.lproj/InfoPlist.strings; sourceTree = "<group>"; };
		43B211131924B65C005F9378 /* en */ = {isa = PBXFileReference; lastKnownFileType = text.plist.strings; name = en; path = en.lproj/Localizable.strings; sourceTree = "<group>"; };
		43B211141924B65F005F9378 /* hu */ = {isa = PBXFileReference; lastKnownFileType = text.plist.strings; name = hu; path = hu.lproj/Localizable.strings; sourceTree = "<group>"; };
		43C6BDF719237159004E8768 /* MeterMan.app */ = {isa = PBXFileReference; explicitFileType = wrapper.application; includeInIndex = 0; path = MeterMan.app; sourceTree = BUILT_PRODUCTS_DIR; };
		43C6BDFA19237159004E8768 /* Foundation.framework */ = {isa = PBXFileReference; lastKnownFileType = wrapper.framework; name = Foundation.framework; path = System/Library/Frameworks/Foundation.framework; sourceTree = SDKROOT; };
		43C6BDFC19237159004E8768 /* CoreGraphics.framework */ = {isa = PBXFileReference; lastKnownFileType = wrapper.framework; name = CoreGraphics.framework; path = System/Library/Frameworks/CoreGraphics.framework; sourceTree = SDKROOT; };
		43C6BDFE19237159004E8768 /* UIKit.framework */ = {isa = PBXFileReference; lastKnownFileType = wrapper.framework; name = UIKit.framework; path = System/Library/Frameworks/UIKit.framework; sourceTree = SDKROOT; };
		43C6BE0219237159004E8768 /* MeterMan-Info.plist */ = {isa = PBXFileReference; lastKnownFileType = text.plist.xml; path = "MeterMan-Info.plist"; sourceTree = "<group>"; };
		43C6BE0419237159004E8768 /* en */ = {isa = PBXFileReference; lastKnownFileType = text.plist.strings; name = en; path = en.lproj/InfoPlist.strings; sourceTree = "<group>"; };
		43C6BE0619237159004E8768 /* main.m */ = {isa = PBXFileReference; lastKnownFileType = sourcecode.c.objc; path = main.m; sourceTree = "<group>"; };
		43C6BE0819237159004E8768 /* MeterMan-Prefix.pch */ = {isa = PBXFileReference; lastKnownFileType = sourcecode.c.h; path = "MeterMan-Prefix.pch"; sourceTree = "<group>"; };
		43C6BE0919237159004E8768 /* AppDelegate.h */ = {isa = PBXFileReference; lastKnownFileType = sourcecode.c.h; path = AppDelegate.h; sourceTree = "<group>"; };
		43C6BE0A19237159004E8768 /* AppDelegate.m */ = {isa = PBXFileReference; lastKnownFileType = sourcecode.c.objc; path = AppDelegate.m; sourceTree = "<group>"; };
		43C6BE0D19237159004E8768 /* Base */ = {isa = PBXFileReference; lastKnownFileType = file.storyboard; name = Base; path = Base.lproj/Main.storyboard; sourceTree = "<group>"; };
		43C6BE1219237159004E8768 /* Images.xcassets */ = {isa = PBXFileReference; lastKnownFileType = folder.assetcatalog; path = Images.xcassets; sourceTree = "<group>"; };
		43C6BE1819237159004E8768 /* MeterManTests.xctest */ = {isa = PBXFileReference; explicitFileType = wrapper.cfbundle; includeInIndex = 0; path = MeterManTests.xctest; sourceTree = BUILT_PRODUCTS_DIR; };
		43C6BE1919237159004E8768 /* XCTest.framework */ = {isa = PBXFileReference; lastKnownFileType = wrapper.framework; name = XCTest.framework; path = Library/Frameworks/XCTest.framework; sourceTree = DEVELOPER_DIR; };
		43C6BE2119237159004E8768 /* MeterManTests-Info.plist */ = {isa = PBXFileReference; lastKnownFileType = text.plist.xml; path = "MeterManTests-Info.plist"; sourceTree = "<group>"; };
		43C6BE2319237159004E8768 /* en */ = {isa = PBXFileReference; lastKnownFileType = text.plist.strings; name = en; path = en.lproj/InfoPlist.strings; sourceTree = "<group>"; };
		43C6BE2519237159004E8768 /* MeterManTests.m */ = {isa = PBXFileReference; lastKnownFileType = sourcecode.c.objc; path = MeterManTests.m; sourceTree = "<group>"; };
		43C6BE3019237375004E8768 /* utility_meter.jpg */ = {isa = PBXFileReference; lastKnownFileType = image.jpeg; path = utility_meter.jpg; sourceTree = "<group>"; };
		43C6BE3119237375004E8768 /* utility_meter@2x.jpg */ = {isa = PBXFileReference; lastKnownFileType = image.jpeg; path = "utility_meter@2x.jpg"; sourceTree = "<group>"; };
		43C6BE35192384FB004E8768 /* UtilitiesViewController.h */ = {isa = PBXFileReference; fileEncoding = 4; lastKnownFileType = sourcecode.c.h; path = UtilitiesViewController.h; sourceTree = "<group>"; };
		43C6BE36192384FB004E8768 /* UtilitiesViewController.m */ = {isa = PBXFileReference; fileEncoding = 4; lastKnownFileType = sourcecode.c.objc; path = UtilitiesViewController.m; sourceTree = "<group>"; };
		43C6BE3919238572004E8768 /* MeterDetails.h */ = {isa = PBXFileReference; fileEncoding = 4; lastKnownFileType = sourcecode.c.h; path = MeterDetails.h; sourceTree = "<group>"; };
		43C6BE3A19238572004E8768 /* MeterDetails.m */ = {isa = PBXFileReference; fileEncoding = 4; lastKnownFileType = sourcecode.c.objc; path = MeterDetails.m; sourceTree = "<group>"; };
		43C6BE3C19238B37004E8768 /* MeterListViewController.h */ = {isa = PBXFileReference; fileEncoding = 4; lastKnownFileType = sourcecode.c.h; path = MeterListViewController.h; sourceTree = "<group>"; };
		43C6BE3D19238B37004E8768 /* MeterListViewController.m */ = {isa = PBXFileReference; fileEncoding = 4; lastKnownFileType = sourcecode.c.objc; path = MeterListViewController.m; sourceTree = "<group>"; };
		43C6BE431923927D004E8768 /* MeterManUtil.h */ = {isa = PBXFileReference; fileEncoding = 4; lastKnownFileType = sourcecode.c.h; path = MeterManUtil.h; sourceTree = "<group>"; };
		43C6BE441923927D004E8768 /* MeterManUtil.m */ = {isa = PBXFileReference; fileEncoding = 4; lastKnownFileType = sourcecode.c.objc; path = MeterManUtil.m; sourceTree = "<group>"; };
		4D96FAEE8BD84B45A45D6778 /* Pods-MeterMan.xcconfig */ = {isa = PBXFileReference; includeInIndex = 1; lastKnownFileType = text.xcconfig; name = "Pods-MeterMan.xcconfig"; path = "Pods/Pods-MeterMan.xcconfig"; sourceTree = "<group>"; };
		7F7B9F867AC84D9CB527E392 /* libPods-MeterMan.a */ = {isa = PBXFileReference; explicitFileType = archive.ar; includeInIndex = 0; path = "libPods-MeterMan.a"; sourceTree = BUILT_PRODUCTS_DIR; };
/* End PBXFileReference section */

/* Begin PBXFrameworksBuildPhase section */
		43C6BDF419237159004E8768 /* Frameworks */ = {
			isa = PBXFrameworksBuildPhase;
			buildActionMask = 2147483647;
			files = (
				43B2110A1924B170005F9378 /* EventKit.framework in Frameworks */,
				43C6BDFD19237159004E8768 /* CoreGraphics.framework in Frameworks */,
				43C6BDFF19237159004E8768 /* UIKit.framework in Frameworks */,
				43C6BDFB19237159004E8768 /* Foundation.framework in Frameworks */,
				85531C6FF6984F39B9204DB4 /* libPods-MeterMan.a in Frameworks */,
			);
			runOnlyForDeploymentPostprocessing = 0;
		};
		43C6BE1519237159004E8768 /* Frameworks */ = {
			isa = PBXFrameworksBuildPhase;
			buildActionMask = 2147483647;
			files = (
				43C6BE1A19237159004E8768 /* XCTest.framework in Frameworks */,
				43C6BE1C19237159004E8768 /* UIKit.framework in Frameworks */,
				43C6BE1B19237159004E8768 /* Foundation.framework in Frameworks */,
			);
			runOnlyForDeploymentPostprocessing = 0;
		};
/* End PBXFrameworksBuildPhase section */

/* Begin PBXGroup section */
		43C6BDEE19237159004E8768 = {
			isa = PBXGroup;
			children = (
				43C6BE0019237159004E8768 /* MeterMan */,
				43C6BE1F19237159004E8768 /* MeterManTests */,
				43C6BDF919237159004E8768 /* Frameworks */,
				43C6BDF819237159004E8768 /* Products */,
				4D96FAEE8BD84B45A45D6778 /* Pods-MeterMan.xcconfig */,
			);
			sourceTree = "<group>";
		};
		43C6BDF819237159004E8768 /* Products */ = {
			isa = PBXGroup;
			children = (
				43C6BDF719237159004E8768 /* MeterMan.app */,
				43C6BE1819237159004E8768 /* MeterManTests.xctest */,
			);
			name = Products;
			sourceTree = "<group>";
		};
		43C6BDF919237159004E8768 /* Frameworks */ = {
			isa = PBXGroup;
			children = (
				43B211091924B170005F9378 /* EventKit.framework */,
				43C6BDFA19237159004E8768 /* Foundation.framework */,
				43C6BDFC19237159004E8768 /* CoreGraphics.framework */,
				43C6BDFE19237159004E8768 /* UIKit.framework */,
				43C6BE1919237159004E8768 /* XCTest.framework */,
				7F7B9F867AC84D9CB527E392 /* libPods-MeterMan.a */,
			);
			name = Frameworks;
			sourceTree = "<group>";
		};
		43C6BE0019237159004E8768 /* MeterMan */ = {
			isa = PBXGroup;
			children = (
				43C6BE3F19239243004E8768 /* Utils */,
				43C6BE381923854F004E8768 /* Model */,
				43C6BE34192384C0004E8768 /* ViewControllers */,
				43C6BE2F1923731C004E8768 /* Images */,
				43C6BE0919237159004E8768 /* AppDelegate.h */,
				43C6BE0A19237159004E8768 /* AppDelegate.m */,
				43C6BE0C19237159004E8768 /* Main.storyboard */,
				43C6BE1219237159004E8768 /* Images.xcassets */,
				43C6BE0119237159004E8768 /* Supporting Files */,
			);
			path = MeterMan;
			sourceTree = "<group>";
		};
		43C6BE0119237159004E8768 /* Supporting Files */ = {
			isa = PBXGroup;
			children = (
				43C6BE0219237159004E8768 /* MeterMan-Info.plist */,
				43C6BE0319237159004E8768 /* InfoPlist.strings */,
				43C6BE0619237159004E8768 /* main.m */,
				43C6BE0819237159004E8768 /* MeterMan-Prefix.pch */,
				43B211121924B652005F9378 /* Localizable.strings */,
			);
			name = "Supporting Files";
			sourceTree = "<group>";
		};
		43C6BE1F19237159004E8768 /* MeterManTests */ = {
			isa = PBXGroup;
			children = (
				43C6BE2519237159004E8768 /* MeterManTests.m */,
				43C6BE2019237159004E8768 /* Supporting Files */,
			);
			path = MeterManTests;
			sourceTree = "<group>";
		};
		43C6BE2019237159004E8768 /* Supporting Files */ = {
			isa = PBXGroup;
			children = (
				43C6BE2119237159004E8768 /* MeterManTests-Info.plist */,
				43C6BE2219237159004E8768 /* InfoPlist.strings */,
			);
			name = "Supporting Files";
			sourceTree = "<group>";
		};
		43C6BE2F1923731C004E8768 /* Images */ = {
			isa = PBXGroup;
			children = (
				43C6BE3019237375004E8768 /* utility_meter.jpg */,
				43C6BE3119237375004E8768 /* utility_meter@2x.jpg */,
			);
			path = Images;
			sourceTree = "<group>";
		};
		43C6BE34192384C0004E8768 /* ViewControllers */ = {
			isa = PBXGroup;
			children = (
				43C6BE35192384FB004E8768 /* UtilitiesViewController.h */,
				43C6BE36192384FB004E8768 /* UtilitiesViewController.m */,
				43C6BE3C19238B37004E8768 /* MeterListViewController.h */,
				43C6BE3D19238B37004E8768 /* MeterListViewController.m */,
				43735C4E1923BA7100C73C28 /* MeterScanningsViewController.h */,
				43735C4F1923BA7100C73C28 /* MeterScanningsViewController.m */,
			);
			path = ViewControllers;
			sourceTree = "<group>";
		};
		43C6BE381923854F004E8768 /* Model */ = {
			isa = PBXGroup;
			children = (
				43C6BE3919238572004E8768 /* MeterDetails.h */,
				43C6BE3A19238572004E8768 /* MeterDetails.m */,
			);
			path = Model;
			sourceTree = "<group>";
		};
		43C6BE3F19239243004E8768 /* Utils */ = {
			isa = PBXGroup;
			children = (
				43C6BE431923927D004E8768 /* MeterManUtil.h */,
				43C6BE441923927D004E8768 /* MeterManUtil.m */,
			);
			path = Utils;
			sourceTree = "<group>";
		};
/* End PBXGroup section */

/* Begin PBXNativeTarget section */
		43C6BDF619237159004E8768 /* MeterMan */ = {
			isa = PBXNativeTarget;
			buildConfigurationList = 43C6BE2919237159004E8768 /* Build configuration list for PBXNativeTarget "MeterMan" */;
			buildPhases = (
				B5B3C80A50C24D3B9F0EE37A /* Check Pods Manifest.lock */,
				43C6BDF319237159004E8768 /* Sources */,
				43C6BDF419237159004E8768 /* Frameworks */,
				43C6BDF519237159004E8768 /* Resources */,
				5394988E780E4C8CADAD88D6 /* Copy Pods Resources */,
			);
			buildRules = (
			);
			dependencies = (
			);
			name = MeterMan;
			productName = MeterMan;
			productReference = 43C6BDF719237159004E8768 /* MeterMan.app */;
			productType = "com.apple.product-type.application";
		};
		43C6BE1719237159004E8768 /* MeterManTests */ = {
			isa = PBXNativeTarget;
			buildConfigurationList = 43C6BE2C19237159004E8768 /* Build configuration list for PBXNativeTarget "MeterManTests" */;
			buildPhases = (
				43C6BE1419237159004E8768 /* Sources */,
				43C6BE1519237159004E8768 /* Frameworks */,
				43C6BE1619237159004E8768 /* Resources */,
			);
			buildRules = (
			);
			dependencies = (
				43C6BE1E19237159004E8768 /* PBXTargetDependency */,
			);
			name = MeterManTests;
			productName = MeterManTests;
			productReference = 43C6BE1819237159004E8768 /* MeterManTests.xctest */;
			productType = "com.apple.product-type.bundle.unit-test";
		};
/* End PBXNativeTarget section */

/* Begin PBXProject section */
		43C6BDEF19237159004E8768 /* Project object */ = {
			isa = PBXProject;
			attributes = {
				LastUpgradeCheck = 0500;
				ORGANIZATIONNAME = "Zsolt Kiss";
				TargetAttributes = {
					43C6BDF619237159004E8768 = {
						DevelopmentTeam = 7G2U4UHT33;
					};
					43C6BE1719237159004E8768 = {
						TestTargetID = 43C6BDF619237159004E8768;
					};
				};
			};
			buildConfigurationList = 43C6BDF219237159004E8768 /* Build configuration list for PBXProject "MeterMan" */;
			compatibilityVersion = "Xcode 3.2";
			developmentRegion = English;
			hasScannedForEncodings = 0;
			knownRegions = (
				en,
				Base,
				hu,
			);
			mainGroup = 43C6BDEE19237159004E8768;
			productRefGroup = 43C6BDF819237159004E8768 /* Products */;
			projectDirPath = "";
			projectRoot = "";
			targets = (
				43C6BDF619237159004E8768 /* MeterMan */,
				43C6BE1719237159004E8768 /* MeterManTests */,
			);
		};
/* End PBXProject section */

/* Begin PBXResourcesBuildPhase section */
		43C6BDF519237159004E8768 /* Resources */ = {
			isa = PBXResourcesBuildPhase;
			buildActionMask = 2147483647;
			files = (
				43C6BE3219237375004E8768 /* utility_meter.jpg in Resources */,
				43B211101924B652005F9378 /* Localizable.strings in Resources */,
				43C6BE3319237375004E8768 /* utility_meter@2x.jpg in Resources */,
				43C6BE1319237159004E8768 /* Images.xcassets in Resources */,
				43C6BE0519237159004E8768 /* InfoPlist.strings in Resources */,
				43C6BE0E19237159004E8768 /* Main.storyboard in Resources */,
			);
			runOnlyForDeploymentPostprocessing = 0;
		};
		43C6BE1619237159004E8768 /* Resources */ = {
			isa = PBXResourcesBuildPhase;
			buildActionMask = 2147483647;
			files = (
				43C6BE2419237159004E8768 /* InfoPlist.strings in Resources */,
			);
			runOnlyForDeploymentPostprocessing = 0;
		};
/* End PBXResourcesBuildPhase section */

/* Begin PBXShellScriptBuildPhase section */
		5394988E780E4C8CADAD88D6 /* Copy Pods Resources */ = {
			isa = PBXShellScriptBuildPhase;
			buildActionMask = 2147483647;
			files = (
			);
			inputPaths = (
			);
			name = "Copy Pods Resources";
			outputPaths = (
			);
			runOnlyForDeploymentPostprocessing = 0;
			shellPath = /bin/sh;
			shellScript = "\"${SRCROOT}/Pods/Pods-MeterMan-resources.sh\"\n";
			showEnvVarsInLog = 0;
		};
		B5B3C80A50C24D3B9F0EE37A /* Check Pods Manifest.lock */ = {
			isa = PBXShellScriptBuildPhase;
			buildActionMask = 2147483647;
			files = (
			);
			inputPaths = (
			);
			name = "Check Pods Manifest.lock";
			outputPaths = (
			);
			runOnlyForDeploymentPostprocessing = 0;
			shellPath = /bin/sh;
			shellScript = "diff \"${PODS_ROOT}/../Podfile.lock\" \"${PODS_ROOT}/Manifest.lock\" > /dev/null\nif [[ $? != 0 ]] ; then\n    cat << EOM\nerror: The sandbox is not in sync with the Podfile.lock. Run 'pod install' or update your CocoaPods installation.\nEOM\n    exit 1\nfi\n";
			showEnvVarsInLog = 0;
		};
/* End PBXShellScriptBuildPhase section */

/* Begin PBXSourcesBuildPhase section */
		43C6BDF319237159004E8768 /* Sources */ = {
			isa = PBXSourcesBuildPhase;
			buildActionMask = 2147483647;
			files = (
				43735C501923BA7100C73C28 /* MeterScanningsViewController.m in Sources */,
				43C6BE3B19238572004E8768 /* MeterDetails.m in Sources */,
				43C6BE451923927D004E8768 /* MeterManUtil.m in Sources */,
				43C6BE0B19237159004E8768 /* AppDelegate.m in Sources */,
				43C6BE3E19238B37004E8768 /* MeterListViewController.m in Sources */,
				43C6BE0719237159004E8768 /* main.m in Sources */,
				43C6BE37192384FB004E8768 /* UtilitiesViewController.m in Sources */,
			);
			runOnlyForDeploymentPostprocessing = 0;
		};
		43C6BE1419237159004E8768 /* Sources */ = {
			isa = PBXSourcesBuildPhase;
			buildActionMask = 2147483647;
			files = (
				43C6BE2619237159004E8768 /* MeterManTests.m in Sources */,
			);
			runOnlyForDeploymentPostprocessing = 0;
		};
/* End PBXSourcesBuildPhase section */

/* Begin PBXTargetDependency section */
		43C6BE1E19237159004E8768 /* PBXTargetDependency */ = {
			isa = PBXTargetDependency;
			target = 43C6BDF619237159004E8768 /* MeterMan */;
			targetProxy = 43C6BE1D19237159004E8768 /* PBXContainerItemProxy */;
		};
/* End PBXTargetDependency section */

/* Begin PBXVariantGroup section */
		43B211121924B652005F9378 /* Localizable.strings */ = {
			isa = PBXVariantGroup;
			children = (
				43B211131924B65C005F9378 /* en */,
				43B211141924B65F005F9378 /* hu */,
			);
			name = Localizable.strings;
			sourceTree = "<group>";
		};
		43C6BE0319237159004E8768 /* InfoPlist.strings */ = {
			isa = PBXVariantGroup;
			children = (
				43C6BE0419237159004E8768 /* en */,
				43B2110C1924B5A7005F9378 /* hu */,
			);
			name = InfoPlist.strings;
			sourceTree = "<group>";
		};
		43C6BE0C19237159004E8768 /* Main.storyboard */ = {
			isa = PBXVariantGroup;
			children = (
				43C6BE0D19237159004E8768 /* Base */,
				43B2110B1924B5A7005F9378 /* hu */,
			);
			name = Main.storyboard;
			sourceTree = "<group>";
		};
		43C6BE2219237159004E8768 /* InfoPlist.strings */ = {
			isa = PBXVariantGroup;
			children = (
				43C6BE2319237159004E8768 /* en */,
				43B2110D1924B5A7005F9378 /* hu */,
			);
			name = InfoPlist.strings;
			sourceTree = "<group>";
		};
/* End PBXVariantGroup section */

/* Begin XCBuildConfiguration section */
		43C6BE2719237159004E8768 /* Debug */ = {
			isa = XCBuildConfiguration;
			buildSettings = {
				ALWAYS_SEARCH_USER_PATHS = NO;
				ARCHS = "$(ARCHS_STANDARD_INCLUDING_64_BIT)";
				CLANG_CXX_LANGUAGE_STANDARD = "gnu++0x";
				CLANG_CXX_LIBRARY = "libc++";
				CLANG_ENABLE_MODULES = YES;
				CLANG_ENABLE_OBJC_ARC = YES;
				CLANG_WARN_BOOL_CONVERSION = YES;
				CLANG_WARN_CONSTANT_CONVERSION = YES;
				CLANG_WARN_DIRECT_OBJC_ISA_USAGE = YES_ERROR;
				CLANG_WARN_EMPTY_BODY = YES;
				CLANG_WARN_ENUM_CONVERSION = YES;
				CLANG_WARN_INT_CONVERSION = YES;
				CLANG_WARN_OBJC_ROOT_CLASS = YES_ERROR;
				CLANG_WARN__DUPLICATE_METHOD_MATCH = YES;
				"CODE_SIGN_IDENTITY[sdk=iphoneos*]" = "iPhone Developer";
				COPY_PHASE_STRIP = NO;
				GCC_C_LANGUAGE_STANDARD = gnu99;
				GCC_DYNAMIC_NO_PIC = NO;
				GCC_OPTIMIZATION_LEVEL = 0;
				GCC_PREPROCESSOR_DEFINITIONS = (
					"DEBUG=1",
					"$(inherited)",
				);
				GCC_SYMBOLS_PRIVATE_EXTERN = NO;
				GCC_WARN_64_TO_32_BIT_CONVERSION = YES;
				GCC_WARN_ABOUT_RETURN_TYPE = YES_ERROR;
				GCC_WARN_UNDECLARED_SELECTOR = YES;
				GCC_WARN_UNINITIALIZED_AUTOS = YES;
				GCC_WARN_UNUSED_FUNCTION = YES;
				GCC_WARN_UNUSED_VARIABLE = YES;
				IPHONEOS_DEPLOYMENT_TARGET = 7.0;
				ONLY_ACTIVE_ARCH = YES;
				SDKROOT = iphoneos;
			};
			name = Debug;
		};
		43C6BE2819237159004E8768 /* Release */ = {
			isa = XCBuildConfiguration;
			buildSettings = {
				ALWAYS_SEARCH_USER_PATHS = NO;
				ARCHS = "$(ARCHS_STANDARD_INCLUDING_64_BIT)";
				CLANG_CXX_LANGUAGE_STANDARD = "gnu++0x";
				CLANG_CXX_LIBRARY = "libc++";
				CLANG_ENABLE_MODULES = YES;
				CLANG_ENABLE_OBJC_ARC = YES;
				CLANG_WARN_BOOL_CONVERSION = YES;
				CLANG_WARN_CONSTANT_CONVERSION = YES;
				CLANG_WARN_DIRECT_OBJC_ISA_USAGE = YES_ERROR;
				CLANG_WARN_EMPTY_BODY = YES;
				CLANG_WARN_ENUM_CONVERSION = YES;
				CLANG_WARN_INT_CONVERSION = YES;
				CLANG_WARN_OBJC_ROOT_CLASS = YES_ERROR;
				CLANG_WARN__DUPLICATE_METHOD_MATCH = YES;
				"CODE_SIGN_IDENTITY[sdk=iphoneos*]" = "iPhone Developer";
				COPY_PHASE_STRIP = YES;
				ENABLE_NS_ASSERTIONS = NO;
				GCC_C_LANGUAGE_STANDARD = gnu99;
				GCC_WARN_64_TO_32_BIT_CONVERSION = YES;
				GCC_WARN_ABOUT_RETURN_TYPE = YES_ERROR;
				GCC_WARN_UNDECLARED_SELECTOR = YES;
				GCC_WARN_UNINITIALIZED_AUTOS = YES;
				GCC_WARN_UNUSED_FUNCTION = YES;
				GCC_WARN_UNUSED_VARIABLE = YES;
				IPHONEOS_DEPLOYMENT_TARGET = 7.0;
				SDKROOT = iphoneos;
				VALIDATE_PRODUCT = YES;
			};
			name = Release;
		};
		43C6BE2A19237159004E8768 /* Debug */ = {
			isa = XCBuildConfiguration;
			baseConfigurationReference = 4D96FAEE8BD84B45A45D6778 /* Pods-MeterMan.xcconfig */;
			buildSettings = {
				ASSETCATALOG_COMPILER_APPICON_NAME = AppIcon;
				ASSETCATALOG_COMPILER_LAUNCHIMAGE_NAME = LaunchImage;
				CODE_SIGN_IDENTITY = "iPhone Developer";
				GCC_PRECOMPILE_PREFIX_HEADER = YES;
				GCC_PREFIX_HEADER = "MeterMan/MeterMan-Prefix.pch";
				INFOPLIST_FILE = "MeterMan/MeterMan-Info.plist";
				PRODUCT_NAME = "$(TARGET_NAME)";
				WRAPPER_EXTENSION = app;
			};
			name = Debug;
		};
		43C6BE2B19237159004E8768 /* Release */ = {
			isa = XCBuildConfiguration;
			baseConfigurationReference = 4D96FAEE8BD84B45A45D6778 /* Pods-MeterMan.xcconfig */;
			buildSettings = {
				ASSETCATALOG_COMPILER_APPICON_NAME = AppIcon;
				ASSETCATALOG_COMPILER_LAUNCHIMAGE_NAME = LaunchImage;
				CODE_SIGN_IDENTITY = "iPhone Developer";
				GCC_PRECOMPILE_PREFIX_HEADER = YES;
				GCC_PREFIX_HEADER = "MeterMan/MeterMan-Prefix.pch";
				INFOPLIST_FILE = "MeterMan/MeterMan-Info.plist";
				PRODUCT_NAME = "$(TARGET_NAME)";
				WRAPPER_EXTENSION = app;
			};
			name = Release;
		};
		43C6BE2D19237159004E8768 /* Debug */ = {
			isa = XCBuildConfiguration;
			buildSettings = {
				ARCHS = "$(ARCHS_STANDARD_INCLUDING_64_BIT)";
				BUNDLE_LOADER = "$(BUILT_PRODUCTS_DIR)/MeterMan.app/MeterMan";
				FRAMEWORK_SEARCH_PATHS = (
					"$(SDKROOT)/Developer/Library/Frameworks",
					"$(inherited)",
					"$(DEVELOPER_FRAMEWORKS_DIR)",
				);
				GCC_PRECOMPILE_PREFIX_HEADER = YES;
				GCC_PREFIX_HEADER = "MeterMan/MeterMan-Prefix.pch";
				GCC_PREPROCESSOR_DEFINITIONS = (
					"DEBUG=1",
					"$(inherited)",
				);
				INFOPLIST_FILE = "MeterManTests/MeterManTests-Info.plist";
				PRODUCT_NAME = "$(TARGET_NAME)";
				TEST_HOST = "$(BUNDLE_LOADER)";
				WRAPPER_EXTENSION = xctest;
			};
			name = Debug;
		};
		43C6BE2E19237159004E8768 /* Release */ = {
			isa = XCBuildConfiguration;
			buildSettings = {
				ARCHS = "$(ARCHS_STANDARD_INCLUDING_64_BIT)";
				BUNDLE_LOADER = "$(BUILT_PRODUCTS_DIR)/MeterMan.app/MeterMan";
				FRAMEWORK_SEARCH_PATHS = (
					"$(SDKROOT)/Developer/Library/Frameworks",
					"$(inherited)",
					"$(DEVELOPER_FRAMEWORKS_DIR)",
				);
				GCC_PRECOMPILE_PREFIX_HEADER = YES;
				GCC_PREFIX_HEADER = "MeterMan/MeterMan-Prefix.pch";
				INFOPLIST_FILE = "MeterManTests/MeterManTests-Info.plist";
				PRODUCT_NAME = "$(TARGET_NAME)";
				TEST_HOST = "$(BUNDLE_LOADER)";
				WRAPPER_EXTENSION = xctest;
			};
			name = Release;
		};
/* End XCBuildConfiguration section */

/* Begin XCConfigurationList section */
		43C6BDF219237159004E8768 /* Build configuration list for PBXProject "MeterMan" */ = {
			isa = XCConfigurationList;
			buildConfigurations = (
				43C6BE2719237159004E8768 /* Debug */,
				43C6BE2819237159004E8768 /* Release */,
			);
			defaultConfigurationIsVisible = 0;
			defaultConfigurationName = Release;
		};
		43C6BE2919237159004E8768 /* Build configuration list for PBXNativeTarget "MeterMan" */ = {
			isa = XCConfigurationList;
			buildConfigurations = (
				43C6BE2A19237159004E8768 /* Debug */,
				43C6BE2B19237159004E8768 /* Release */,
			);
			defaultConfigurationIsVisible = 0;
			defaultConfigurationName = Release;
		};
		43C6BE2C19237159004E8768 /* Build configuration list for PBXNativeTarget "MeterManTests" */ = {
			isa = XCConfigurationList;
			buildConfigurations = (
				43C6BE2D19237159004E8768 /* Debug */,
				43C6BE2E19237159004E8768 /* Release */,
			);
			defaultConfigurationIsVisible = 0;
			defaultConfigurationName = Release;
		};
/* End XCConfigurationList section */
	};
	rootObject = 43C6BDEF19237159004E8768 /* Project object */;
}
